
Microsoft Visual Studio Solution File, Format Version 12.00
# Visual Studio Version 16
VisualStudioVersion = 16.0.30002.166
MinimumVisualStudioVersion = 10.0.40219.1
Project("{2150E333-8FDC-42A3-9474-1A3956D46DE8}") = "1 - Application", "1 - Application", "{CD59AD6D-F3A0-4DF8-8604-912DD845EED6}"
EndProject
Project("{2150E333-8FDC-42A3-9474-1A3956D46DE8}") = "2 - Service", "2 - Service", "{186F8112-ED6E-41DD-AC8F-350957F05F79}"
EndProject
Project("{2150E333-8FDC-42A3-9474-1A3956D46DE8}") = "3 - Domain", "3 - Domain", "{84DE2208-E54A-4018-83E8-1499F8C06E4D}"
EndProject
Project("{2150E333-8FDC-42A3-9474-1A3956D46DE8}") = "4 - Infrastructure", "4 - Infrastructure", "{909B5969-3A77-414A-A0EB-797EAC3ECC93}"
EndProject
Project("{9A19103F-16F7-4668-BE54-9A1E7A4F7556}") = "ASChurchManager.Domain", "ASChurchManager.Domain\ASChurchManager.Domain.csproj", "{4E5C325E-F2B2-4E5F-8173-7DBF628783E2}"
EndProject
Project("{9A19103F-16F7-4668-BE54-9A1E7A4F7556}") = "ASChurchManager.Infra.Data", "ASChurchManager.Infra.Data\ASChurchManager.Infra.Data.csproj", "{BAA8F948-6889-4F63-9B91-737437518C71}"
EndProject
Project("{9A19103F-16F7-4668-BE54-9A1E7A4F7556}") = "ASChurchManager.Infra.CrossCutting.IoC", "ASChurchManager.Infra.CrossCutting.IoC\ASChurchManager.Infra.CrossCutting.IoC.csproj", "{F239675F-2E4D-4002-91C6-949BE37D7192}"
EndProject
Project("{2150E333-8FDC-42A3-9474-1A3956D46DE8}") = "4.1 - Data", "4.1 - Data", "{F50D9971-3FEF-49EE-9A1D-DF31DCF8D2ED}"
EndProject
Project("{2150E333-8FDC-42A3-9474-1A3956D46DE8}") = "4.2 - CrossCutting", "4.2 - CrossCutting", "{A1D2A2AF-1E88-4B0E-8209-A059E26E389A}"
EndProject
Project("{9A19103F-16F7-4668-BE54-9A1E7A4F7556}") = "ASChurchManager.Application", "ASChurchManager.Application\ASChurchManager.Application.csproj", "{849432BE-2DBA-4AB7-9697-766C99721C50}"
EndProject
Project("{9A19103F-16F7-4668-BE54-9A1E7A4F7556}") = "ASChurchManager.WebApi.Oauth.Client", "ASChurchManager.WebApi.Oauth.Client\ASChurchManager.WebApi.Oauth.Client.csproj", "{51EF5F84-ED61-4EBB-8909-D4F252F4A5DA}"
EndProject
Project("{9A19103F-16F7-4668-BE54-9A1E7A4F7556}") = "ASChurchManager.Web", "ASChurchManager.Web\ASChurchManager.Web.csproj", "{47A4DDB9-1232-49A0-96D2-65714D4FC149}"
EndProject
Project("{E53339B2-1760-4266-BCC7-CA923CBCF16C}") = "docker-compose", "docker-compose.dcproj", "{0DE8C93A-D50F-440F-876C-F765D3EE52A6}"
EndProject
Project("{2150E333-8FDC-42A3-9474-1A3956D46DE8}") = "5 - Functions", "5 - Functions", "{BA7E7196-80B4-4DF6-AB7D-943FF3C3E5D4}"
EndProject
Project("{9A19103F-16F7-4668-BE54-9A1E7A4F7556}") = "ASChurchManager.Functions", "ASChurchManager.Functions\ASChurchManager.Functions.csproj", "{19466EFC-3E82-4C4B-97F1-9052FD216B91}"
EndProject
Project("{9A19103F-16F7-4668-BE54-9A1E7A4F7556}") = "ASChurchManager.Console", "ASChurchManager.Console\ASChurchManager.Console.csproj", "{7576D9CE-C47F-4371-9360-EA78DB590FCA}"
EndProject
Project("{FAE04EC0-301F-11D3-BF4B-00C04F79EFBC}") = "ASChurchManager.API.Membro", "ASChurchManager.API.Membro\ASChurchManager.API.Membro.csproj", "{6D75B3A9-3403-46A9-A459-71133CAE38A6}"
EndProject
Project("{FAE04EC0-301F-11D3-BF4B-00C04F79EFBC}") = "ASChurchManager.Functions.Email", "ASChurchManager.Functions.Email\ASChurchManager.Functions.Email.csproj", "{FA76285A-D33E-4332-8234-0E3B84402644}"
EndProject
Global
	GlobalSection(SolutionConfigurationPlatforms) = preSolution
		Debug|Any CPU = Debug|Any CPU
		Release|Any CPU = Release|Any CPU
	EndGlobalSection
	GlobalSection(ProjectConfigurationPlatforms) = postSolution
		{4E5C325E-F2B2-4E5F-8173-7DBF628783E2}.Debug|Any CPU.ActiveCfg = Debug|Any CPU
		{4E5C325E-F2B2-4E5F-8173-7DBF628783E2}.Debug|Any CPU.Build.0 = Debug|Any CPU
		{4E5C325E-F2B2-4E5F-8173-7DBF628783E2}.Release|Any CPU.ActiveCfg = Release|Any CPU
		{4E5C325E-F2B2-4E5F-8173-7DBF628783E2}.Release|Any CPU.Build.0 = Release|Any CPU
		{BAA8F948-6889-4F63-9B91-737437518C71}.Debug|Any CPU.ActiveCfg = Debug|Any CPU
		{BAA8F948-6889-4F63-9B91-737437518C71}.Debug|Any CPU.Build.0 = Debug|Any CPU
		{BAA8F948-6889-4F63-9B91-737437518C71}.Release|Any CPU.ActiveCfg = Release|Any CPU
		{BAA8F948-6889-4F63-9B91-737437518C71}.Release|Any CPU.Build.0 = Release|Any CPU
		{F239675F-2E4D-4002-91C6-949BE37D7192}.Debug|Any CPU.ActiveCfg = Debug|Any CPU
		{F239675F-2E4D-4002-91C6-949BE37D7192}.Debug|Any CPU.Build.0 = Debug|Any CPU
		{F239675F-2E4D-4002-91C6-949BE37D7192}.Release|Any CPU.ActiveCfg = Release|Any CPU
		{F239675F-2E4D-4002-91C6-949BE37D7192}.Release|Any CPU.Build.0 = Release|Any CPU
		{849432BE-2DBA-4AB7-9697-766C99721C50}.Debug|Any CPU.ActiveCfg = Debug|Any CPU
		{849432BE-2DBA-4AB7-9697-766C99721C50}.Debug|Any CPU.Build.0 = Debug|Any CPU
		{849432BE-2DBA-4AB7-9697-766C99721C50}.Release|Any CPU.ActiveCfg = Release|Any CPU
		{849432BE-2DBA-4AB7-9697-766C99721C50}.Release|Any CPU.Build.0 = Release|Any CPU
		{51EF5F84-ED61-4EBB-8909-D4F252F4A5DA}.Debug|Any CPU.ActiveCfg = Debug|Any CPU
		{51EF5F84-ED61-4EBB-8909-D4F252F4A5DA}.Debug|Any CPU.Build.0 = Debug|Any CPU
		{51EF5F84-ED61-4EBB-8909-D4F252F4A5DA}.Release|Any CPU.ActiveCfg = Release|Any CPU
		{51EF5F84-ED61-4EBB-8909-D4F252F4A5DA}.Release|Any CPU.Build.0 = Release|Any CPU
		{47A4DDB9-1232-49A0-96D2-65714D4FC149}.Debug|Any CPU.ActiveCfg = Debug|Any CPU
		{47A4DDB9-1232-49A0-96D2-65714D4FC149}.Debug|Any CPU.Build.0 = Debug|Any CPU
		{47A4DDB9-1232-49A0-96D2-65714D4FC149}.Release|Any CPU.ActiveCfg = Release|Any CPU
		{47A4DDB9-1232-49A0-96D2-65714D4FC149}.Release|Any CPU.Build.0 = Release|Any CPU
		{0DE8C93A-D50F-440F-876C-F765D3EE52A6}.Debug|Any CPU.ActiveCfg = Debug|Any CPU
		{0DE8C93A-D50F-440F-876C-F765D3EE52A6}.Debug|Any CPU.Build.0 = Debug|Any CPU
		{0DE8C93A-D50F-440F-876C-F765D3EE52A6}.Release|Any CPU.ActiveCfg = Release|Any CPU
		{0DE8C93A-D50F-440F-876C-F765D3EE52A6}.Release|Any CPU.Build.0 = Release|Any CPU
		{19466EFC-3E82-4C4B-97F1-9052FD216B91}.Debug|Any CPU.ActiveCfg = Debug|Any CPU
		{19466EFC-3E82-4C4B-97F1-9052FD216B91}.Debug|Any CPU.Build.0 = Debug|Any CPU
		{19466EFC-3E82-4C4B-97F1-9052FD216B91}.Release|Any CPU.ActiveCfg = Release|Any CPU
		{19466EFC-3E82-4C4B-97F1-9052FD216B91}.Release|Any CPU.Build.0 = Release|Any CPU
		{7576D9CE-C47F-4371-9360-EA78DB590FCA}.Debug|Any CPU.ActiveCfg = Debug|Any CPU
		{7576D9CE-C47F-4371-9360-EA78DB590FCA}.Debug|Any CPU.Build.0 = Debug|Any CPU
		{7576D9CE-C47F-4371-9360-EA78DB590FCA}.Release|Any CPU.ActiveCfg = Release|Any CPU
		{7576D9CE-C47F-4371-9360-EA78DB590FCA}.Release|Any CPU.Build.0 = Release|Any CPU
		{6D75B3A9-3403-46A9-A459-71133CAE38A6}.Debug|Any CPU.ActiveCfg = Debug|Any CPU
		{6D75B3A9-3403-46A9-A459-71133CAE38A6}.Debug|Any CPU.Build.0 = Debug|Any CPU
		{6D75B3A9-3403-46A9-A459-71133CAE38A6}.Release|Any CPU.ActiveCfg = Release|Any CPU
		{6D75B3A9-3403-46A9-A459-71133CAE38A6}.Release|Any CPU.Build.0 = Release|Any CPU
		{FA76285A-D33E-4332-8234-0E3B84402644}.Debug|Any CPU.ActiveCfg = Debug|Any CPU
		{FA76285A-D33E-4332-8234-0E3B84402644}.Debug|Any CPU.Build.0 = Debug|Any CPU
		{FA76285A-D33E-4332-8234-0E3B84402644}.Release|Any CPU.ActiveCfg = Release|Any CPU
		{FA76285A-D33E-4332-8234-0E3B84402644}.Release|Any CPU.Build.0 = Release|Any CPU
	EndGlobalSection
	GlobalSection(SolutionProperties) = preSolution
		HideSolutionNode = FALSE
	EndGlobalSection
	GlobalSection(NestedProjects) = preSolution
		{4E5C325E-F2B2-4E5F-8173-7DBF628783E2} = {84DE2208-E54A-4018-83E8-1499F8C06E4D}
		{BAA8F948-6889-4F63-9B91-737437518C71} = {F50D9971-3FEF-49EE-9A1D-DF31DCF8D2ED}
		{F239675F-2E4D-4002-91C6-949BE37D7192} = {A1D2A2AF-1E88-4B0E-8209-A059E26E389A}
		{F50D9971-3FEF-49EE-9A1D-DF31DCF8D2ED} = {909B5969-3A77-414A-A0EB-797EAC3ECC93}
		{A1D2A2AF-1E88-4B0E-8209-A059E26E389A} = {909B5969-3A77-414A-A0EB-797EAC3ECC93}
		{849432BE-2DBA-4AB7-9697-766C99721C50} = {186F8112-ED6E-41DD-AC8F-350957F05F79}
		{51EF5F84-ED61-4EBB-8909-D4F252F4A5DA} = {A1D2A2AF-1E88-4B0E-8209-A059E26E389A}
		{47A4DDB9-1232-49A0-96D2-65714D4FC149} = {CD59AD6D-F3A0-4DF8-8604-912DD845EED6}
		{19466EFC-3E82-4C4B-97F1-9052FD216B91} = {BA7E7196-80B4-4DF6-AB7D-943FF3C3E5D4}
		{7576D9CE-C47F-4371-9360-EA78DB590FCA} = {CD59AD6D-F3A0-4DF8-8604-912DD845EED6}
		{6D75B3A9-3403-46A9-A459-71133CAE38A6} = {CD59AD6D-F3A0-4DF8-8604-912DD845EED6}
		{FA76285A-D33E-4332-8234-0E3B84402644} = {BA7E7196-80B4-4DF6-AB7D-943FF3C3E5D4}
	EndGlobalSection
	GlobalSection(ExtensibilityGlobals) = postSolution
		SolutionGuid = {09047CA7-123F-4A73-8C11-2383490593A8}
	EndGlobalSection
EndGlobal
